
Microsoft Visual Studio Solution File, Format Version 12.00
# Visual Studio 2013
VisualStudioVersion = 12.0.30723.0
MinimumVisualStudioVersion = 10.0.40219.1
Project("{FAE04EC0-301F-11D3-BF4B-00C04F79EFBC}") = "ChannelAdam.TestFramework.MSTest", "ChannelAdam.TestFramework.MSTest\ChannelAdam.TestFramework.MSTest.csproj", "{EDAC39DF-84C0-428D-98F5-F52D2BE4116D}"
EndProject
Project("{2150E333-8FDC-42A3-9474-1A3956D46DE8}") = "Solution Items", "Solution Items", "{FE3B53DB-783A-4E6A-B427-0D571989B4EF}"
	ProjectSection(SolutionItems) = preProject
		ChannelAdamCodeAnalysis.ruleset = ChannelAdamCodeAnalysis.ruleset
		CustomDictionary.xml = CustomDictionary.xml
		Settings.StyleCop = Settings.StyleCop
	EndProjectSection
EndProject
Global
	GlobalSection(SolutionConfigurationPlatforms) = preSolution
		Debug|Any CPU = Debug|Any CPU
		Release|Any CPU = Release|Any CPU
	EndGlobalSection
	GlobalSection(ProjectConfigurationPlatforms) = postSolution
		{EDAC39DF-84C0-428D-98F5-F52D2BE4116D}.Debug|Any CPU.ActiveCfg = Debug|Any CPU
		{EDAC39DF-84C0-428D-98F5-F52D2BE4116D}.Debug|Any CPU.Build.0 = Debug|Any CPU
		{EDAC39DF-84C0-428D-98F5-F52D2BE4116D}.Release|Any CPU.ActiveCfg = Release|Any CPU
		{EDAC39DF-84C0-428D-98F5-F52D2BE4116D}.Release|Any CPU.Build.0 = Release|Any CPU
	EndGlobalSection
	GlobalSection(SolutionProperties) = preSolution
		HideSolutionNode = FALSE
	EndGlobalSection
EndGlobal
