
Microsoft Visual Studio Solution File, Format Version 12.00
# Visual Studio 14
VisualStudioVersion = 14.0.25420.1
MinimumVisualStudioVersion = 10.0.40219.1
Project("{FAE04EC0-301F-11D3-BF4B-00C04F79EFBC}") = "ChannelAdam.TestFramework", "ChannelAdam.TestFramework\ChannelAdam.TestFramework.csproj", "{539700E0-D42F-4E49-ABD7-B24E82ADF0F6}"
EndProject
Project("{2150E333-8FDC-42A3-9474-1A3956D46DE8}") = "Solution Items", "Solution Items", "{25535486-694B-480B-B09F-07F6115BFE1C}"
	ProjectSection(SolutionItems) = preProject
		ChannelAdamCodeAnalysis.ruleset = ChannelAdamCodeAnalysis.ruleset
		CustomDictionary.xml = CustomDictionary.xml
		Settings.StyleCop = Settings.StyleCop
	EndProjectSection
EndProject
Global
	GlobalSection(SolutionConfigurationPlatforms) = preSolution
		Debug|Any CPU = Debug|Any CPU
		Release|Any CPU = Release|Any CPU
	EndGlobalSection
	GlobalSection(ProjectConfigurationPlatforms) = postSolution
		{539700E0-D42F-4E49-ABD7-B24E82ADF0F6}.Debug|Any CPU.ActiveCfg = Debug|Any CPU
		{539700E0-D42F-4E49-ABD7-B24E82ADF0F6}.Debug|Any CPU.Build.0 = Debug|Any CPU
		{539700E0-D42F-4E49-ABD7-B24E82ADF0F6}.Release|Any CPU.ActiveCfg = Release|Any CPU
		{539700E0-D42F-4E49-ABD7-B24E82ADF0F6}.Release|Any CPU.Build.0 = Release|Any CPU
	EndGlobalSection
	GlobalSection(SolutionProperties) = preSolution
		HideSolutionNode = FALSE
	EndGlobalSection
EndGlobal
